// !$*UTF8*$!
{
	archiveVersion = 1;
	classes = {
	};
	objectVersion = 46;
	objects = {

/* Begin PBXBuildFile section */
		54C505981C9076D800409950 /* main.m in Sources */ = {isa = PBXBuildFile; fileRef = 54C505971C9076D800409950 /* main.m */; };
		54C505A01C90770100409950 /* NSString+EOCMyAdditions.m in Sources */ = {isa = PBXBuildFile; fileRef = 54C5059F1C90770100409950 /* NSString+EOCMyAdditions.m */; };
/* End PBXBuildFile section */

/* Begin PBXCopyFilesBuildPhase section */
		54C505921C9076D800409950 /* CopyFiles */ = {
			isa = PBXCopyFilesBuildPhase;
			buildActionMask = 2147483647;
			dstPath = /usr/share/man/man1/;
			dstSubfolderSpec = 0;
			files = (
			);
			runOnlyForDeploymentPostprocessing = 1;
		};
/* End PBXCopyFilesBuildPhase section */

/* Begin PBXFileReference section */
		54C505941C9076D800409950 /* 第13条.运用方法调配技术的例子 */ = {isa = PBXFileReference; explicitFileType = "compiled.mach-o.executable"; includeInIndex = 0; path = "第13条.运用方法调配技术的例子"; sourceTree = BUILT_PRODUCTS_DIR; };
		54C505971C9076D800409950 /* main.m */ = {isa = PBXFileReference; lastKnownFileType = sourcecode.c.objc; path = main.m; sourceTree = "<group>"; };
		54C5059E1C90770100409950 /* NSString+EOCMyAdditions.h */ = {isa = PBXFileReference; fileEncoding = 4; lastKnownFileType = sourcecode.c.h; path = "NSString+EOCMyAdditions.h"; sourceTree = "<group>"; };
		54C5059F1C90770100409950 /* NSString+EOCMyAdditions.m */ = {isa = PBXFileReference; fileEncoding = 4; lastKnownFileType = sourcecode.c.objc; path = "NSString+EOCMyAdditions.m"; sourceTree = "<group>"; };
/* End PBXFileReference section */

/* Begin PBXFrameworksBuildPhase section */
		54C505911C9076D800409950 /* Frameworks */ = {
			isa = PBXFrameworksBuildPhase;
			buildActionMask = 2147483647;
			files = (
			);
			runOnlyForDeploymentPostprocessing = 0;
		};
/* End PBXFrameworksBuildPhase section */

/* Begin PBXGroup section */
		54C5058B1C9076D800409950 = {
			isa = PBXGroup;
			children = (
				54C505961C9076D800409950 /* 第13条.运用方法调配技术的例子 */,
				54C505951C9076D800409950 /* Products */,
			);
			sourceTree = "<group>";
		};
		54C505951C9076D800409950 /* Products */ = {
			isa = PBXGroup;
			children = (
				54C505941C9076D800409950 /* 第13条.运用方法调配技术的例子 */,
			);
			name = Products;
			sourceTree = "<group>";
		};
		54C505961C9076D800409950 /* 第13条.运用方法调配技术的例子 */ = {
			isa = PBXGroup;
			children = (
				54C505971C9076D800409950 /* main.m */,
				54C5059E1C90770100409950 /* NSString+EOCMyAdditions.h */,
				54C5059F1C90770100409950 /* NSString+EOCMyAdditions.m */,
			);
			path = "第13条.运用方法调配技术的例子";
			sourceTree = "<group>";
		};
/* End PBXGroup section */

/* Begin PBXNativeTarget section */
		54C505931C9076D800409950 /* 第13条.运用方法调配技术的例子 */ = {
			isa = PBXNativeTarget;
			buildConfigurationList = 54C5059B1C9076D800409950 /* Build configuration list for PBXNativeTarget "第13条.运用方法调配技术的例子" */;
			buildPhases = (
				54C505901C9076D800409950 /* Sources */,
				54C505911C9076D800409950 /* Frameworks */,
				54C505921C9076D800409950 /* CopyFiles */,
			);
			buildRules = (
			);
			dependencies = (
			);
			name = "第13条.运用方法调配技术的例子";
			productName = "第13条.运用方法调配技术的例子";
			productReference = 54C505941C9076D800409950 /* 第13条.运用方法调配技术的例子 */;
			productType = "com.apple.product-type.tool";
		};
/* End PBXNativeTarget section */

/* Begin PBXProject section */
		54C5058C1C9076D800409950 /* Project object */ = {
			isa = PBXProject;
			attributes = {
				LastUpgradeCheck = 0720;
				ORGANIZATIONNAME = dibadalu;
				TargetAttributes = {
					54C505931C9076D800409950 = {
						CreatedOnToolsVersion = 7.2;
					};
				};
			};
			buildConfigurationList = 54C5058F1C9076D800409950 /* Build configuration list for PBXProject "第13条.运用方法调配技术的例子" */;
			compatibilityVersion = "Xcode 3.2";
			developmentRegion = English;
			hasScannedForEncodings = 0;
			knownRegions = (
				en,
			);
			mainGroup = 54C5058B1C9076D800409950;
			productRefGroup = 54C505951C9076D800409950 /* Products */;
			projectDirPath = "";
			projectRoot = "";
			targets = (
				54C505931C9076D800409950 /* 第13条.运用方法调配技术的例子 */,
			);
		};
/* End PBXProject section */

/* Begin PBXSourcesBuildPhase section */
		54C505901C9076D800409950 /* Sources */ = {
			isa = PBXSourcesBuildPhase;
			buildActionMask = 2147483647;
			files = (
				54C505981C9076D800409950 /* main.m in Sources */,
				54C505A01C90770100409950 /* NSString+EOCMyAdditions.m in Sources */,
			);
			runOnlyForDeploymentPostprocessing = 0;
		};
/* End PBXSourcesBuildPhase section */

/* Begin XCBuildConfiguration section */
		54C505991C9076D800409950 /* Debug */ = {
			isa = XCBuildConfiguration;
			buildSettings = {
				ALWAYS_SEARCH_USER_PATHS = NO;
				CLANG_CXX_LANGUAGE_STANDARD = "gnu++0x";
				CLANG_CXX_LIBRARY = "libc++";
				CLANG_ENABLE_MODULES = YES;
				CLANG_ENABLE_OBJC_ARC = YES;
				CLANG_WARN_BOOL_CONVERSION = YES;
				CLANG_WARN_CONSTANT_CONVERSION = YES;
				CLANG_WARN_DIRECT_OBJC_ISA_USAGE = YES_ERROR;
				CLANG_WARN_EMPTY_BODY = YES;
				CLANG_WARN_ENUM_CONVERSION = YES;
				CLANG_WARN_INT_CONVERSION = YES;
				CLANG_WARN_OBJC_ROOT_CLASS = YES_ERROR;
				CLANG_WARN_UNREACHABLE_CODE = YES;
				CLANG_WARN__DUPLICATE_METHOD_MATCH = YES;
				CODE_SIGN_IDENTITY = "-";
				COPY_PHASE_STRIP = NO;
				DEBUG_INFORMATION_FORMAT = dwarf;
				ENABLE_STRICT_OBJC_MSGSEND = YES;
				ENABLE_TESTABILITY = YES;
				GCC_C_LANGUAGE_STANDARD = gnu99;
				GCC_DYNAMIC_NO_PIC = NO;
				GCC_NO_COMMON_BLOCKS = YES;
				GCC_OPTIMIZATION_LEVEL = 0;
				GCC_PREPROCESSOR_DEFINITIONS = (
					"DEBUG=1",
					"$(inherited)",
				);
				GCC_WARN_64_TO_32_BIT_CONVERSION = YES;
				GCC_WARN_ABOUT_RETURN_TYPE = YES_ERROR;
				GCC_WARN_UNDECLARED_SELECTOR = YES;
				GCC_WARN_UNINITIALIZED_AUTOS = YES_AGGRESSIVE;
				GCC_WARN_UNUSED_FUNCTION = YES;
				GCC_WARN_UNUSED_VARIABLE = YES;
				MACOSX_DEPLOYMENT_TARGET = 10.11;
				MTL_ENABLE_DEBUG_INFO = YES;
				ONLY_ACTIVE_ARCH = YES;
				SDKROOT = macosx;
			};
			name = Debug;
		};
		54C5059A1C9076D800409950 /* Release */ = {
			isa = XCBuildConfiguration;
			buildSettings = {
				ALWAYS_SEARCH_USER_PATHS = NO;
				CLANG_CXX_LANGUAGE_STANDARD = "gnu++0x";
				CLANG_CXX_LIBRARY = "libc++";
				CLANG_ENABLE_MODULES = YES;
				CLANG_ENABLE_OBJC_ARC = YES;
				CLANG_WARN_BOOL_CONVERSION = YES;
				CLANG_WARN_CONSTANT_CONVERSION = YES;
				CLANG_WARN_DIRECT_OBJC_ISA_USAGE = YES_ERROR;
				CLANG_WARN_EMPTY_BODY = YES;
				CLANG_WARN_ENUM_CONVERSION = YES;
				CLANG_WARN_INT_CONVERSION = YES;
				CLANG_WARN_OBJC_ROOT_CLASS = YES_ERROR;
				CLANG_WARN_UNREACHABLE_CODE = YES;
				CLANG_WARN__DUPLICATE_METHOD_MATCH = YES;
				CODE_SIGN_IDENTITY = "-";
				COPY_PHASE_STRIP = NO;
				DEBUG_INFORMATION_FORMAT = "dwarf-with-dsym";
				ENABLE_NS_ASSERTIONS = NO;
				ENABLE_STRICT_OBJC_MSGSEND = YES;
				GCC_C_LANGUAGE_STANDARD = gnu99;
				GCC_NO_COMMON_BLOCKS = YES;
				GCC_WARN_64_TO_32_BIT_CONVERSION = YES;
				GCC_WARN_ABOUT_RETURN_TYPE = YES_ERROR;
				GCC_WARN_UNDECLARED_SELECTOR = YES;
				GCC_WARN_UNINITIALIZED_AUTOS = YES_AGGRESSIVE;
				GCC_WARN_UNUSED_FUNCTION = YES;
				GCC_WARN_UNUSED_VARIABLE = YES;
				MACOSX_DEPLOYMENT_TARGET = 10.11;
				MTL_ENABLE_DEBUG_INFO = NO;
				SDKROOT = macosx;
			};
			name = Release;
		};
		54C5059C1C9076D800409950 /* Debug */ = {
			isa = XCBuildConfiguration;
			buildSettings = {
				PRODUCT_NAME = "$(TARGET_NAME)";
			};
			name = Debug;
		};
		54C5059D1C9076D800409950 /* Release */ = {
			isa = XCBuildConfiguration;
			buildSettings = {
				PRODUCT_NAME = "$(TARGET_NAME)";
			};
			name = Release;
		};
/* End XCBuildConfiguration section */

/* Begin XCConfigurationList section */
		54C5058F1C9076D800409950 /* Build configuration list for PBXProject "第13条.运用方法调配技术的例子" */ = {
			isa = XCConfigurationList;
			buildConfigurations = (
				54C505991C9076D800409950 /* Debug */,
				54C5059A1C9076D800409950 /* Release */,
			);
			defaultConfigurationIsVisible = 0;
			defaultConfigurationName = Release;
		};
		54C5059B1C9076D800409950 /* Build configuration list for PBXNativeTarget "第13条.运用方法调配技术的例子" */ = {
			isa = XCConfigurationList;
			buildConfigurations = (
				54C5059C1C9076D800409950 /* Debug */,
				54C5059D1C9076D800409950 /* Release */,
			);
			defaultConfigurationIsVisible = 0;
		};
/* End XCConfigurationList section */
	};
	rootObject = 54C5058C1C9076D800409950 /* Project object */;
}
