// !$*UTF8*$!
{
	archiveVersion = 1;
	classes = {
	};
	objectVersion = 46;
	objects = {

/* Begin PBXBuildFile section */
		54A8EF211C48D6C0002DC77D /* main.m in Sources */ = {isa = PBXBuildFile; fileRef = 54A8EF201C48D6C0002DC77D /* main.m */; };
/* End PBXBuildFile section */

/* Begin PBXCopyFilesBuildPhase section */
		54A8EF1B1C48D6C0002DC77D /* CopyFiles */ = {
			isa = PBXCopyFilesBuildPhase;
			buildActionMask = 2147483647;
			dstPath = /usr/share/man/man1/;
			dstSubfolderSpec = 0;
			files = (
			);
			runOnlyForDeploymentPostprocessing = 1;
		};
/* End PBXCopyFilesBuildPhase section */

/* Begin PBXFileReference section */
		54A8EF1D1C48D6C0002DC77D /* 第8条.容器中可变类的等同性 */ = {isa = PBXFileReference; explicitFileType = "compiled.mach-o.executable"; includeInIndex = 0; path = "第8条.容器中可变类的等同性"; sourceTree = BUILT_PRODUCTS_DIR; };
		54A8EF201C48D6C0002DC77D /* main.m */ = {isa = PBXFileReference; lastKnownFileType = sourcecode.c.objc; path = main.m; sourceTree = "<group>"; };
/* End PBXFileReference section */

/* Begin PBXFrameworksBuildPhase section */
		54A8EF1A1C48D6C0002DC77D /* Frameworks */ = {
			isa = PBXFrameworksBuildPhase;
			buildActionMask = 2147483647;
			files = (
			);
			runOnlyForDeploymentPostprocessing = 0;
		};
/* End PBXFrameworksBuildPhase section */

/* Begin PBXGroup section */
		54A8EF141C48D6C0002DC77D = {
			isa = PBXGroup;
			children = (
				54A8EF1F1C48D6C0002DC77D /* 第8条.容器中可变类的等同性 */,
				54A8EF1E1C48D6C0002DC77D /* Products */,
			);
			sourceTree = "<group>";
		};
		54A8EF1E1C48D6C0002DC77D /* Products */ = {
			isa = PBXGroup;
			children = (
				54A8EF1D1C48D6C0002DC77D /* 第8条.容器中可变类的等同性 */,
			);
			name = Products;
			sourceTree = "<group>";
		};
		54A8EF1F1C48D6C0002DC77D /* 第8条.容器中可变类的等同性 */ = {
			isa = PBXGroup;
			children = (
				54A8EF201C48D6C0002DC77D /* main.m */,
			);
			path = "第8条.容器中可变类的等同性";
			sourceTree = "<group>";
		};
/* End PBXGroup section */

/* Begin PBXNativeTarget section */
		54A8EF1C1C48D6C0002DC77D /* 第8条.容器中可变类的等同性 */ = {
			isa = PBXNativeTarget;
			buildConfigurationList = 54A8EF241C48D6C0002DC77D /* Build configuration list for PBXNativeTarget "第8条.容器中可变类的等同性" */;
			buildPhases = (
				54A8EF191C48D6C0002DC77D /* Sources */,
				54A8EF1A1C48D6C0002DC77D /* Frameworks */,
				54A8EF1B1C48D6C0002DC77D /* CopyFiles */,
			);
			buildRules = (
			);
			dependencies = (
			);
			name = "第8条.容器中可变类的等同性";
			productName = "第8条.容器中可变类的等同性";
			productReference = 54A8EF1D1C48D6C0002DC77D /* 第8条.容器中可变类的等同性 */;
			productType = "com.apple.product-type.tool";
		};
/* End PBXNativeTarget section */

/* Begin PBXProject section */
		54A8EF151C48D6C0002DC77D /* Project object */ = {
			isa = PBXProject;
			attributes = {
				LastUpgradeCheck = 0720;
				ORGANIZATIONNAME = dibadalu;
				TargetAttributes = {
					54A8EF1C1C48D6C0002DC77D = {
						CreatedOnToolsVersion = 7.2;
					};
				};
			};
			buildConfigurationList = 54A8EF181C48D6C0002DC77D /* Build configuration list for PBXProject "第8条.容器中可变类的等同性" */;
			compatibilityVersion = "Xcode 3.2";
			developmentRegion = English;
			hasScannedForEncodings = 0;
			knownRegions = (
				en,
			);
			mainGroup = 54A8EF141C48D6C0002DC77D;
			productRefGroup = 54A8EF1E1C48D6C0002DC77D /* Products */;
			projectDirPath = "";
			projectRoot = "";
			targets = (
				54A8EF1C1C48D6C0002DC77D /* 第8条.容器中可变类的等同性 */,
			);
		};
/* End PBXProject section */

/* Begin PBXSourcesBuildPhase section */
		54A8EF191C48D6C0002DC77D /* Sources */ = {
			isa = PBXSourcesBuildPhase;
			buildActionMask = 2147483647;
			files = (
				54A8EF211C48D6C0002DC77D /* main.m in Sources */,
			);
			runOnlyForDeploymentPostprocessing = 0;
		};
/* End PBXSourcesBuildPhase section */

/* Begin XCBuildConfiguration section */
		54A8EF221C48D6C0002DC77D /* Debug */ = {
			isa = XCBuildConfiguration;
			buildSettings = {
				ALWAYS_SEARCH_USER_PATHS = NO;
				CLANG_CXX_LANGUAGE_STANDARD = "gnu++0x";
				CLANG_CXX_LIBRARY = "libc++";
				CLANG_ENABLE_MODULES = YES;
				CLANG_ENABLE_OBJC_ARC = YES;
				CLANG_WARN_BOOL_CONVERSION = YES;
				CLANG_WARN_CONSTANT_CONVERSION = YES;
				CLANG_WARN_DIRECT_OBJC_ISA_USAGE = YES_ERROR;
				CLANG_WARN_EMPTY_BODY = YES;
				CLANG_WARN_ENUM_CONVERSION = YES;
				CLANG_WARN_INT_CONVERSION = YES;
				CLANG_WARN_OBJC_ROOT_CLASS = YES_ERROR;
				CLANG_WARN_UNREACHABLE_CODE = YES;
				CLANG_WARN__DUPLICATE_METHOD_MATCH = YES;
				CODE_SIGN_IDENTITY = "-";
				COPY_PHASE_STRIP = NO;
				DEBUG_INFORMATION_FORMAT = dwarf;
				ENABLE_STRICT_OBJC_MSGSEND = YES;
				ENABLE_TESTABILITY = YES;
				GCC_C_LANGUAGE_STANDARD = gnu99;
				GCC_DYNAMIC_NO_PIC = NO;
				GCC_NO_COMMON_BLOCKS = YES;
				GCC_OPTIMIZATION_LEVEL = 0;
				GCC_PREPROCESSOR_DEFINITIONS = (
					"DEBUG=1",
					"$(inherited)",
				);
				GCC_WARN_64_TO_32_BIT_CONVERSION = YES;
				GCC_WARN_ABOUT_RETURN_TYPE = YES_ERROR;
				GCC_WARN_UNDECLARED_SELECTOR = YES;
				GCC_WARN_UNINITIALIZED_AUTOS = YES_AGGRESSIVE;
				GCC_WARN_UNUSED_FUNCTION = YES;
				GCC_WARN_UNUSED_VARIABLE = YES;
				MACOSX_DEPLOYMENT_TARGET = 10.10;
				MTL_ENABLE_DEBUG_INFO = YES;
				ONLY_ACTIVE_ARCH = YES;
				SDKROOT = macosx;
			};
			name = Debug;
		};
		54A8EF231C48D6C0002DC77D /* Release */ = {
			isa = XCBuildConfiguration;
			buildSettings = {
				ALWAYS_SEARCH_USER_PATHS = NO;
				CLANG_CXX_LANGUAGE_STANDARD = "gnu++0x";
				CLANG_CXX_LIBRARY = "libc++";
				CLANG_ENABLE_MODULES = YES;
				CLANG_ENABLE_OBJC_ARC = YES;
				CLANG_WARN_BOOL_CONVERSION = YES;
				CLANG_WARN_CONSTANT_CONVERSION = YES;
				CLANG_WARN_DIRECT_OBJC_ISA_USAGE = YES_ERROR;
				CLANG_WARN_EMPTY_BODY = YES;
				CLANG_WARN_ENUM_CONVERSION = YES;
				CLANG_WARN_INT_CONVERSION = YES;
				CLANG_WARN_OBJC_ROOT_CLASS = YES_ERROR;
				CLANG_WARN_UNREACHABLE_CODE = YES;
				CLANG_WARN__DUPLICATE_METHOD_MATCH = YES;
				CODE_SIGN_IDENTITY = "-";
				COPY_PHASE_STRIP = NO;
				DEBUG_INFORMATION_FORMAT = "dwarf-with-dsym";
				ENABLE_NS_ASSERTIONS = NO;
				ENABLE_STRICT_OBJC_MSGSEND = YES;
				GCC_C_LANGUAGE_STANDARD = gnu99;
				GCC_NO_COMMON_BLOCKS = YES;
				GCC_WARN_64_TO_32_BIT_CONVERSION = YES;
				GCC_WARN_ABOUT_RETURN_TYPE = YES_ERROR;
				GCC_WARN_UNDECLARED_SELECTOR = YES;
				GCC_WARN_UNINITIALIZED_AUTOS = YES_AGGRESSIVE;
				GCC_WARN_UNUSED_FUNCTION = YES;
				GCC_WARN_UNUSED_VARIABLE = YES;
				MACOSX_DEPLOYMENT_TARGET = 10.10;
				MTL_ENABLE_DEBUG_INFO = NO;
				SDKROOT = macosx;
			};
			name = Release;
		};
		54A8EF251C48D6C0002DC77D /* Debug */ = {
			isa = XCBuildConfiguration;
			buildSettings = {
				PRODUCT_NAME = "$(TARGET_NAME)";
			};
			name = Debug;
		};
		54A8EF261C48D6C0002DC77D /* Release */ = {
			isa = XCBuildConfiguration;
			buildSettings = {
				PRODUCT_NAME = "$(TARGET_NAME)";
			};
			name = Release;
		};
/* End XCBuildConfiguration section */

/* Begin XCConfigurationList section */
		54A8EF181C48D6C0002DC77D /* Build configuration list for PBXProject "第8条.容器中可变类的等同性" */ = {
			isa = XCConfigurationList;
			buildConfigurations = (
				54A8EF221C48D6C0002DC77D /* Debug */,
				54A8EF231C48D6C0002DC77D /* Release */,
			);
			defaultConfigurationIsVisible = 0;
			defaultConfigurationName = Release;
		};
		54A8EF241C48D6C0002DC77D /* Build configuration list for PBXNativeTarget "第8条.容器中可变类的等同性" */ = {
			isa = XCConfigurationList;
			buildConfigurations = (
				54A8EF251C48D6C0002DC77D /* Debug */,
				54A8EF261C48D6C0002DC77D /* Release */,
			);
			defaultConfigurationIsVisible = 0;
		};
/* End XCConfigurationList section */
	};
	rootObject = 54A8EF151C48D6C0002DC77D /* Project object */;
}
